Microsoft Visual Studio Solution File, Format Version 12.00
# Visual Studio Version 17
VisualStudioVersion = 17.13.35931.197
MinimumVisualStudioVersion = 10.0.40219.1
Project("{FAE04EC0-301F-11D3-BF4B-00C04F79EFBC}") = "ObserverProject", "ObserverProject\ObserverProject.csproj", "{59C8747E-E6F6-43DA-A42B-9963CE4B5FBC}"
EndProject
Global
	GlobalSection(SolutionConfigurationPlatforms) = preSolution
		Debug|Any CPU = Debug|Any CPU
		Release|Any CPU = Release|Any CPU
	EndGlobalSection
	GlobalSection(ProjectConfigurationPlatforms) = postSolution
		{59C8747E-E6F6-43DA-A42B-9963CE4B5FBC}.Debug|Any CPU.ActiveCfg = Release|Any CPU
		{59C8747E-E6F6-43DA-A42B-9963CE4B5FBC}.Debug|Any CPU.Build.0 = Release|Any CPU
		{59C8747E-E6F6-43DA-A42B-9963CE4B5FBC}.Release|Any CPU.ActiveCfg = Release|Any CPU
		{59C8747E-E6F6-43DA-A42B-9963CE4B5FBC}.Release|Any CPU.Build.0 = Release|Any CPU
	EndGlobalSection
	GlobalSection(SolutionProperties) = preSolution
		HideSolutionNode = FALSE
	EndGlobalSection
	GlobalSection(ExtensibilityGlobals) = postSolution
		SolutionGuid = {C11834C5-A9D6-4DD6-8C02-BA3AB285505F}
	EndGlobalSection
EndGlobal
